version: 7
platforms:
- name: linux-64
environments:
  default:
    channels:
    - url: https://conda.anaconda.org/conda-forge/
    indexes:
    - https://pypi.org/simple
    packages:
      linux-64:
      - conda: https://conda.anaconda.org/conda-forge/linux-64/_openmp_mutex-4.5-20_gnu.conda
      - conda: https://conda.anaconda.org/conda-forge/linux-64/bzip2-1.0.8-hda65f42_9.conda
      - conda: https://conda.anaconda.org/conda-forge/linux-64/ld_impl_linux-64-2.45.1-default_hbd61a6d_102.conda
      - conda: https://conda.anaconda.org/conda-forge/linux-64/libexpat-2.8.1-hecca717_1.conda
      - conda: https://conda.anaconda.org/conda-forge/linux-64/libffi-3.5.2-h3435931_0.conda
      - conda: https://conda.anaconda.org/conda-forge/linux-64/libgcc-15.2.0-he0feb66_19.conda
      - conda: https://conda.anaconda.org/conda-forge/linux-64/libgomp-15.2.0-he0feb66_19.conda
      - conda: https://conda.anaconda.org/conda-forge/linux-64/liblzma-5.8.3-hb03c661_0.conda
      - conda: https://conda.anaconda.org/conda-forge/linux-64/libmpdec-4.0.0-hb03c661_1.conda
      - conda: https://conda.anaconda.org/conda-forge/linux-64/libsqlite-3.53.2-h0c1763c_0.conda
      - conda: https://conda.anaconda.org/conda-forge/linux-64/libuuid-2.42.2-h5347b49_0.conda
      - conda: https://conda.anaconda.org/conda-forge/linux-64/libzlib-1.3.2-h25fd6f3_2.conda
      - conda: https://conda.anaconda.org/conda-forge/linux-64/ncurses-6.6-hdb14827_0.conda
      - conda: https://conda.anaconda.org/conda-forge/linux-64/openssl-3.6.3-h35e630c_0.conda
      - conda: https://conda.anaconda.org/conda-forge/linux-64/python-3.14.6-habeac84_100_cp314.conda
      - conda: https://conda.anaconda.org/conda-forge/linux-64/readline-8.3-h853b02a_0.conda
      - conda: https://conda.anaconda.org/conda-forge/linux-64/tk-8.6.13-noxft_h366c992_103.conda
      - conda: https://conda.anaconda.org/conda-forge/linux-64/zstd-1.5.7-hb78ec9c_6.conda
      - conda: https://conda.anaconda.org/conda-forge/noarch/ca-certificates-2026.6.17-hbd8a1cb_0.conda
      - conda: https://conda.anaconda.org/conda-forge/noarch/python_abi-3.14-8_cp314.conda
      - conda: https://conda.anaconda.org/conda-forge/noarch/tzdata-2025c-hc9c84f9_1.conda
      - conda_source: tasksolver[8495c763] @ .
      - pypi: https://files.pythonhosted.org/packages/04/4b/29cac41a4d98d144bf5f6d33995617b185d14b22401f75ca86f384e87ff1/h11-0.16.0-py3-none-any.whl
      - pypi: https://files.pythonhosted.org/packages/06/89/081d7f1809d5ca09d1e47e49f2111b245f5694de3a7af32cd3a353a6f43f/pymongo-4.17.0-cp314-cp314-manylinux2014_x86_64.manylinux_2_17_x86_64.manylinux_2_28_x86_64.whl
      - pypi: https://files.pythonhosted.org/packages/0c/29/0348de65b8cc732daa3e33e67806420b2ae89bdce2b04af740289c5c6c8c/loguru-0.7.3-py3-none-any.whl
      - pypi: https://files.pythonhosted.org/packages/0c/c3/44f3fbbfa403ea2a7c779186dc20772604442dde72947e7d01069cbe98e3/pycparser-3.0-py3-none-any.whl
      - pypi: https://files.pythonhosted.org/packages/10/bd/c038d7cc38edc1aa5bf91ab8068b63d4308c66c4c8bb3cbba7dfbc049f9c/pyparsing-3.3.2-py3-none-any.whl
      - pypi: https://files.pythonhosted.org/packages/11/8d/d2532ad2a603ca2b93ad9f5135732124e57811d0168155852f37fbce2458/pillow-12.2.0-cp314-cp314-manylinux_2_27_x86_64.manylinux_2_28_x86_64.whl
      - pypi: https://files.pythonhosted.org/packages/12/b3/231ffd4ab1fc9d679809f356cebee130ac7daa00d6d6f3206dd4fd137e9e/distro-1.9.0-py3-none-any.whl
      - pypi: https://files.pythonhosted.org/packages/18/67/36e9267722cc04a6b9f15c7f3441c2363321a3ea07da7ae0c0707beb2a9c/typing_extensions-4.15.0-py3-none-any.whl
      - pypi: https://files.pythonhosted.org/packages/1e/5e/d4e9f1a599fb8e573b7b87160658329fbf28d19eac2718f51fc3def3aa5a/idna-3.18-py3-none-any.whl
      - pypi: https://files.pythonhosted.org/packages/20/2c/0622f20ff02b2ef32558733443805dc82fd4c275be01b2d19d14676f3a1b/cryptography-49.0.0-cp311-abi3-manylinux_2_28_x86_64.whl
      - pypi: https://files.pythonhosted.org/packages/2a/39/e50c7c3a983047577ee07d2a9e53faf5a69493943ec3f6a384bdc792deb2/httpx-0.28.1-py3-none-any.whl
      - pypi: https://files.pythonhosted.org/packages/2f/90/fd509079dfcab01102c0fdd87f3a9506894bc70afcf9e9785ef6b2b3aff6/httplib2-0.31.2-py3-none-any.whl
      - pypi: https://files.pythonhosted.org/packages/44/71/c0321dc6d63d99946da45f7c06299b934e4f7f7da5c4f14d101bcb39adf1/google_auth-2.55.0-py3-none-any.whl
      - pypi: https://files.pythonhosted.org/packages/47/5c/032c2d5a07fe4d4855fea851209cca2b6f03ebeb6d4e3afdb3358386a684/charset_normalizer-3.4.7-cp314-cp314-manylinux2014_x86_64.manylinux_2_17_x86_64.manylinux_2_28_x86_64.whl
      - pypi: https://files.pythonhosted.org/packages/47/8d/d529b5d697919ba8c11ad626e835d4039be708a35b0d22de83a269a6682c/pyasn1_modules-0.4.2-py3-none-any.whl
      - pypi: https://files.pythonhosted.org/packages/47/d9/d83e293854571c877a92da46fdec39158f8d7e68da75bf73581225d28e90/cffi-2.0.0-cp314-cp314-manylinux2014_x86_64.manylinux_2_17_x86_64.whl
      - pypi: https://files.pythonhosted.org/packages/5d/a0/7d793dce3fa811fe047d6ae2431c672364b462850c6235ae306c0efd025f/pyasn1-0.6.3-py3-none-any.whl
      - pypi: https://files.pythonhosted.org/packages/60/28/edcfbbbf0cb15436f36664a8908a0df47ab9006298d4cd937dc08ea932d6/jiter-0.15.0-cp314-cp314-manylinux_2_17_x86_64.manylinux2014_x86_64.whl
      - pypi: https://files.pythonhosted.org/packages/67/58/317b0134129b556a93a3b0afe00ee675b5657f0155509e22fcb853bafe2d/grpcio_status-1.71.2-py3-none-any.whl
      - pypi: https://files.pythonhosted.org/packages/76/7b/61dab5d5969f28d97fb1009cead1df0a5cd987d3315e1b37f18a4449f8bc/grpcio-1.81.1-cp314-cp314-manylinux2014_x86_64.manylinux_2_17_x86_64.whl
      - pypi: https://files.pythonhosted.org/packages/78/b6/6307fbef88d9b5ee7421e68d78a9f162e0da4900bc5f5793f6d3d0e34fb8/annotated_types-0.7.0-py3-none-any.whl
      - pypi: https://files.pythonhosted.org/packages/7c/20/b122d4626976acb81132036d2ad1bb35a1a8775fceb837ec30964622516a/proto_plus-1.28.0-py3-none-any.whl
      - pypi: https://files.pythonhosted.org/packages/7c/a3/67b8a6ff5001a1d8864922f2d6488dc2a14367ceb651bc3f09a947f2f306/google_ai_generativelanguage-0.6.15-py3-none-any.whl
      - pypi: https://files.pythonhosted.org/packages/7e/f5/f66802a942d491edb555dd61e3a9961140fd64c90bce1eafd741609d334d/httpcore-1.0.9-py3-none-any.whl
      - pypi: https://files.pythonhosted.org/packages/7f/3e/5db95bcf282c52709639744ca2a8b149baccf648e39c8cc87553df9eae0c/urllib3-2.7.0-py3-none-any.whl
      - pypi: https://files.pythonhosted.org/packages/89/1d/8eff589b45bb8190a9d12c49cfad0f176a5cbd1534908a6b5125e2886239/pydantic_core-2.46.4-cp314-cp314-manylinux_2_17_x86_64.manylinux2014_x86_64.whl
      - pypi: https://files.pythonhosted.org/packages/97/0f/ef33b5bb71437966590c6297104c81051feae95d54b11ece08533ef937d3/google_generativeai-0.8.6-py3-none-any.whl
      - pypi: https://files.pythonhosted.org/packages/97/be/954c35a62b9e31de66b0a43c225c9b6bb9e0f98d6b1dc110a2308e3644f5/google_auth_httplib2-0.4.0-py3-none-any.whl
      - pypi: https://files.pythonhosted.org/packages/a0/5e/2a902317d7fc4aa93236e80c932662dadfc459b323d758329e01775125e1/numpy-2.5.0-cp314-cp314-manylinux_2_27_x86_64.manylinux_2_28_x86_64.whl
      - pypi: https://files.pythonhosted.org/packages/a0/e5/e9cc221fd75230974d4ef45eb72d2261feca3c110d5554215d516bfe6534/google_api_python_client-2.197.0-py3-none-any.whl
      - pypi: https://files.pythonhosted.org/packages/a0/f4/c67b0b3f1b9245e8d266f0f112c500d50e5b4e83cb6f3b71b6528104182a/requests-2.34.2-py3-none-any.whl
      - pypi: https://files.pythonhosted.org/packages/a3/d2/ba767f4bbb30776c03d40906a2d3afad716a165ffa1771fc23b8992f7920/openai-2.43.0-py3-none-any.whl
      - pypi: https://files.pythonhosted.org/packages/a7/5f/ed01f9a3cdffbd5a008556fc7b2a08ddb1cc6ace7effa7340604b1d16699/docstring_parser-0.18.0-py3-none-any.whl
      - pypi: https://files.pythonhosted.org/packages/a9/99/3ae339466c9183ea5b8ae87b34c0b897eda475d2aec2307cae60e5cd4f29/uritemplate-4.2.0-py3-none-any.whl
      - pypi: https://files.pythonhosted.org/packages/ba/16/9826f089383c593cdfc4a6e5aca94d9e91ae1692c57af82c3b2aa5e810f7/anyio-4.14.0-py3-none-any.whl
      - pypi: https://files.pythonhosted.org/packages/ba/5a/18ad964b0086c6e62e2e7500f7edc89e3faa45033c71c1893d34eed2b2de/dnspython-2.8.0-py3-none-any.whl
      - pypi: https://files.pythonhosted.org/packages/c0/44/21d6bf170bf40b41396480d8d49ad640bca3f2b02139cd52aa1e272830a5/shortuuid-1.0.13-py3-none-any.whl
      - pypi: https://files.pythonhosted.org/packages/c8/d8/894716a5423933f5c8d2d5f04b16f052a515f78e815dab0c2c6f1fd105dc/google_api_core-2.25.2-py3-none-any.whl
      - pypi: https://files.pythonhosted.org/packages/d8/8e/bb97bb0c71802080bfc8952937d174e49cfc50de5c951dd47b2496f0dcdb/tqdm-4.68.3-py3-none-any.whl
      - pypi: https://files.pythonhosted.org/packages/dc/9b/47798a6c91d8bdb567fe2698fe81e0c6b7cb7ef4d13da4114b41d239f65d/typing_inspection-0.4.2-py3-none-any.whl
      - pypi: https://files.pythonhosted.org/packages/e3/dd/cadd6ec43069247d91f6345fa7a0d2858bef6af366dbd7ba8f05d2c77d3b/protobuf-5.29.6-cp38-abi3-manylinux2014_x86_64.whl
      - pypi: https://files.pythonhosted.org/packages/e7/c8/e2645aa8ed02fd4c7a2f59d68783b65b1f3cbdfe39a6308e156509d1fee8/googleapis_common_protos-1.75.0-py3-none-any.whl
      - pypi: https://files.pythonhosted.org/packages/e9/44/75a9c9421471a6c4805dbf2356f7c181a29c1879239abab1ea2cc8f38b40/sniffio-1.3.1-py3-none-any.whl
      - pypi: https://files.pythonhosted.org/packages/ef/2f/c5464532e965badff2f4c4c1a3a83f5697f0d7c407ed0cda44aaa99bb451/certifi-2026.6.17-py3-none-any.whl
      - pypi: https://files.pythonhosted.org/packages/f1/bb/09e82a81885d787f350fb55ca9df865b63140dd28b3b5b3104c4ae261657/anthropic-0.111.0-py3-none-any.whl
      - pypi: https://files.pythonhosted.org/packages/fd/7b/122376b1fd3c62c1ed9dc80c931ace4844b3c55407b6fb2d199377c9736f/pydantic-2.13.4-py3-none-any.whl
packages:
- conda: https://conda.anaconda.org/conda-forge/linux-64/_openmp_mutex-4.5-20_gnu.conda
  build_number: 20
  sha256: 1dd3fffd892081df9726d7eb7e0dea6198962ba775bd88842135a4ddb4deb3c9
  md5: a9f577daf3de00bca7c3c76c0ecbd1de
  depends:
  - __glibc >=2.17,<3.0.a0
  - libgomp >=7.5.0
  constrains:
  - openmp_impl <0.0a0
  license: BSD-3-Clause
  license_family: BSD
  purls: []
  run_exports:
    strong:
    - _openmp_mutex >=4.5
  size: 28948
  timestamp: 1770939786096
- conda: https://conda.anaconda.org/conda-forge/linux-64/bzip2-1.0.8-hda65f42_9.conda
  sha256: 0b75d45f0bba3e95dc693336fa51f40ea28c980131fec438afb7ce6118ed05f6
  md5: d2ffd7602c02f2b316fd921d39876885
  depends:
  - __glibc >=2.17,<3.0.a0
  - libgcc >=14
  license: bzip2-1.0.6
  license_family: BSD
  purls: []
  run_exports:
    weak:
    - bzip2 >=1.0.8,<2.0a0
  size: 260182
  timestamp: 1771350215188
- conda: https://conda.anaconda.org/conda-forge/linux-64/ld_impl_linux-64-2.45.1-default_hbd61a6d_102.conda
  sha256: 3d584956604909ff5df353767f3a2a2f60e07d070b328d109f30ac40cd62df6c
  md5: 18335a698559cdbcd86150a48bf54ba6
  depends:
  - __glibc >=2.17,<3.0.a0
  - zstd >=1.5.7,<1.6.0a0
  constrains:
  - binutils_impl_linux-64 2.45.1
  license: GPL-3.0-only
  license_family: GPL
  purls: []
  run_exports: {}
  size: 728002
  timestamp: 1774197446916
- conda: https://conda.anaconda.org/conda-forge/linux-64/libexpat-2.8.1-hecca717_1.conda
  sha256: 16feffd9ddbbe5b718515d38ee376c685ba95491cd901244e24671d20b952a77
  md5: b24d3c612f71e7aa74158d92106318b2
  depends:
  - __glibc >=2.17,<3.0.a0
  - libgcc >=14
  constrains:
  - expat 2.8.1.*
  license: MIT
  license_family: MIT
  purls: []
  run_exports: {}
  size: 77856
  timestamp: 1781203599810
- conda: https://conda.anaconda.org/conda-forge/linux-64/libffi-3.5.2-h3435931_0.conda
  sha256: 31f19b6a88ce40ebc0d5a992c131f57d919f73c0b92cd1617a5bec83f6e961e6
  md5: a360c33a5abe61c07959e449fa1453eb
  depends:
  - __glibc >=2.17,<3.0.a0
  - libgcc >=14
  license: MIT
  license_family: MIT
  purls: []
  run_exports:
    weak:
    - libffi >=3.5.2,<3.6.0a0
  size: 58592
  timestamp: 1769456073053
- conda: https://conda.anaconda.org/conda-forge/linux-64/libgcc-15.2.0-he0feb66_19.conda
  sha256: 8e0a3b5e41272e5678499b5dfc4cddb673f9e935de01eb0767ce857001229f46
  md5: 57736f29cc2b0ec0b6c2952d3f101b6a
  depends:
  - __glibc >=2.17,<3.0.a0
  - _openmp_mutex >=4.5
  constrains:
  - libgcc-ng ==15.2.0=*_19
  - libgomp 15.2.0 he0feb66_19
  license: GPL-3.0-only WITH GCC-exception-3.1
  license_family: GPL
  purls: []
  run_exports: {}
  size: 1041084
  timestamp: 1778269013026
- conda: https://conda.anaconda.org/conda-forge/linux-64/libgomp-15.2.0-he0feb66_19.conda
  sha256: 5abe4ab9d93f6c9757d654f1969ae2267d4505315c1f2f8fe705fd60af084f1b
  md5: faac990cb7aedc7f3a2224f2c9b0c26c
  depends:
  - __glibc >=2.17,<3.0.a0
  license: GPL-3.0-only WITH GCC-exception-3.1
  license_family: GPL
  purls: []
  run_exports:
    strong:
    - _openmp_mutex >=4.5
  size: 603817
  timestamp: 1778268942614
- conda: https://conda.anaconda.org/conda-forge/linux-64/liblzma-5.8.3-hb03c661_0.conda
  sha256: ec30e52a3c1bf7d0425380a189d209a52baa03f22fb66dd3eb587acaa765bd6d
  md5: b88d90cad08e6bc8ad540cb310a761fb
  depends:
  - __glibc >=2.17,<3.0.a0
  - libgcc >=14
  constrains:
  - xz 5.8.3.*
  license: 0BSD
  purls: []
  run_exports:
    weak:
    - liblzma >=5.8.3,<6.0a0
  size: 113478
  timestamp: 1775825492909
- conda: https://conda.anaconda.org/conda-forge/linux-64/libmpdec-4.0.0-hb03c661_1.conda
  sha256: fe171ed5cf5959993d43ff72de7596e8ac2853e9021dec0344e583734f1e0843
  md5: 2c21e66f50753a083cbe6b80f38268fa
  depends:
  - __glibc >=2.17,<3.0.a0
  - libgcc >=14
  license: BSD-2-Clause
  license_family: BSD
  purls: []
  run_exports: {}
  size: 92400
  timestamp: 1769482286018
- conda: https://conda.anaconda.org/conda-forge/linux-64/libsqlite-3.53.2-h0c1763c_0.conda
  sha256: 1ab603b6ec93933e76027e1f23b21b22b858ba1b56f1e1695ef6fe5e80cb7358
  md5: 062b0ac602fb0adf250e3dfa86f221c4
  depends:
  - __glibc >=2.17,<3.0.a0
  - libgcc >=14
  - libzlib >=1.3.2,<2.0a0
  license: blessing
  purls: []
  run_exports:
    weak:
    - libsqlite >=3.53.2,<4.0a0
  size: 957849
  timestamp: 1780574429573
- conda: https://conda.anaconda.org/conda-forge/linux-64/libuuid-2.42.2-h5347b49_0.conda
  sha256: 9b1bdce27a7e31f7d241aeecff67a1f3101d52a2b1e33ccc2cdf2613072bf81f
  md5: 01bb81d12c957de066ea7362007df642
  depends:
  - libgcc >=14
  - __glibc >=2.17,<3.0.a0
  license: BSD-3-Clause
  license_family: BSD
  purls: []
  run_exports:
    weak:
    - libuuid >=2.42.2,<3.0a0
  size: 40017
  timestamp: 1781625522462
- conda: https://conda.anaconda.org/conda-forge/linux-64/libzlib-1.3.2-h25fd6f3_2.conda
  sha256: 55044c403570f0dc26e6364de4dc5368e5f3fc7ff103e867c487e2b5ab2bcda9
  md5: d87ff7921124eccd67248aa483c23fec
  depends:
  - __glibc >=2.17,<3.0.a0
  constrains:
  - zlib 1.3.2 *_2
  license: Zlib
  license_family: Other
  purls: []
  run_exports:
    weak:
    - libzlib >=1.3.2,<2.0a0
  size: 63629
  timestamp: 1774072609062
- conda: https://conda.anaconda.org/conda-forge/linux-64/ncurses-6.6-hdb14827_0.conda
  sha256: fc89f74bbe362fb29fa3c037697a89bec140b346a2469a90f7936d1d7ea4d8a3
  md5: fc21868a1a5aacc937e7a18747acb8a5
  depends:
  - __glibc >=2.17,<3.0.a0
  - libgcc >=14
  license: X11 AND BSD-3-Clause
  purls: []
  run_exports:
    weak:
    - ncurses >=6.6,<7.0a0
  size: 918956
  timestamp: 1777422145199
- conda: https://conda.anaconda.org/conda-forge/linux-64/openssl-3.6.3-h35e630c_0.conda
  sha256: d48f5c22b9897c01e4dff3680f1f57ceb02711ab9c62f74339b080419dfad34b
  md5: 79dd2074b5cd5c5c6b2930514a11e22d
  depends:
  - __glibc >=2.17,<3.0.a0
  - ca-certificates
  - libgcc >=14
  license: Apache-2.0
  license_family: Apache
  purls: []
  run_exports:
    weak:
    - openssl >=3.6.3,<4.0a0
  size: 3159683
  timestamp: 1781069855778
- conda: https://conda.anaconda.org/conda-forge/linux-64/python-3.14.6-habeac84_100_cp314.conda
  build_number: 100
  sha256: 6d28ac2b061179deb434d3d57afa98ffd20ec3c5d44ab8048a1ca33424b22d38
  md5: 0b9b2f83b5b600e1ac38becde8d0dd44
  depends:
  - __glibc >=2.17,<3.0.a0
  - bzip2 >=1.0.8,<2.0a0
  - ld_impl_linux-64 >=2.36.1
  - libexpat >=2.8.1,<3.0a0
  - libffi >=3.5.2,<3.6.0a0
  - libgcc >=14
  - liblzma >=5.8.3,<6.0a0
  - libmpdec >=4.0.0,<5.0a0
  - libsqlite >=3.53.2,<4.0a0
  - libuuid >=2.42.1,<3.0a0
  - libzlib >=1.3.2,<2.0a0
  - ncurses >=6.6,<7.0a0
  - openssl >=3.5.7,<4.0a0
  - python_abi 3.14.* *_cp314
  - readline >=8.3,<9.0a0
  - tk >=8.6.13,<8.7.0a0
  - tzdata
  - zstd >=1.5.7,<1.6.0a0
  license: Python-2.0
  purls: []
  run_exports:
    weak:
    - python_abi 3.14.* *_cp314
    noarch:
    - python
  size: 36717183
  timestamp: 1781255094700
  python_site_packages_path: lib/python3.14/site-packages
- conda: https://conda.anaconda.org/conda-forge/linux-64/readline-8.3-h853b02a_0.conda
  sha256: 12ffde5a6f958e285aa22c191ca01bbd3d6e710aa852e00618fa6ddc59149002
  md5: d7d95fc8287ea7bf33e0e7116d2b95ec
  depends:
  - __glibc >=2.17,<3.0.a0
  - libgcc >=14
  - ncurses >=6.5,<7.0a0
  license: GPL-3.0-only
  license_family: GPL
  purls: []
  run_exports:
    weak:
    - readline >=8.3,<9.0a0
  size: 345073
  timestamp: 1765813471974
- conda: https://conda.anaconda.org/conda-forge/linux-64/tk-8.6.13-noxft_h366c992_103.conda
  sha256: cafeec44494f842ffeca27e9c8b0c27ed714f93ac77ddadc6aaf726b5554ebac
  md5: cffd3bdd58090148f4cfcd831f4b26ab
  depends:
  - __glibc >=2.17,<3.0.a0
  - libgcc >=14
  - libzlib >=1.3.1,<2.0a0
  constrains:
  - xorg-libx11 >=1.8.12,<2.0a0
  license: TCL
  license_family: BSD
  purls: []
  run_exports:
    weak:
    - tk >=8.6.13,<8.7.0a0
  size: 3301196
  timestamp: 1769460227866
- conda: https://conda.anaconda.org/conda-forge/linux-64/zstd-1.5.7-hb78ec9c_6.conda
  sha256: 68f0206ca6e98fea941e5717cec780ed2873ffabc0e1ed34428c061e2c6268c7
  md5: 4a13eeac0b5c8e5b8ab496e6c4ddd829
  depends:
  - __glibc >=2.17,<3.0.a0
  - libzlib >=1.3.1,<2.0a0
  license: BSD-3-Clause
  license_family: BSD
  purls: []
  run_exports:
    weak:
    - zstd >=1.5.7,<1.6.0a0
  size: 601375
  timestamp: 1764777111296
- conda: https://conda.anaconda.org/conda-forge/noarch/ca-certificates-2026.6.17-hbd8a1cb_0.conda
  sha256: f8e3c730fa14ee3f170493779f06522c4acf89169f43db4f039727709b6419cf
  md5: a9965dd99f683c5f444428f896635716
  depends:
  - __unix
  license: ISC
  purls: []
  run_exports: {}
  size: 128866
  timestamp: 1781708962055
- conda: https://conda.anaconda.org/conda-forge/noarch/pip-26.1.2-pyh145f28c_0.conda
  sha256: 9e673d3c6003f416df11670a14b026a04e3a45ebec55357987e15b860f138f2a
  md5: 733cc07ed34162ac50b936464b163366
  depends:
  - python >=3.13.0a0
  license: MIT
  license_family: MIT
  run_exports: {}
  size: 1202377
  timestamp: 1780262809860
- conda: https://conda.anaconda.org/conda-forge/noarch/python_abi-3.14-8_cp314.conda
  build_number: 8
  sha256: ad6d2e9ac39751cc0529dd1566a26751a0bf2542adb0c232533d32e176e21db5
  md5: 0539938c55b6b1a59b560e843ad864a4
  constrains:
  - python 3.14.* *_cp314
  license: BSD-3-Clause
  license_family: BSD
  purls: []
  run_exports: {}
  size: 6989
  timestamp: 1752805904792
- conda: https://conda.anaconda.org/conda-forge/noarch/setuptools-82.0.1-pyh332efcf_0.conda
  sha256: 82088a6e4daa33329a30bc26dc19a98c7c1d3f05c0f73ce9845d4eab4924e9e1
  md5: 8e194e7b992f99a5015edbd4ebd38efd
  depends:
  - python >=3.10
  license: MIT
  license_family: MIT
  run_exports: {}
  size: 639697
  timestamp: 1773074868565
- conda: https://conda.anaconda.org/conda-forge/noarch/tzdata-2025c-hc9c84f9_1.conda
  sha256: 1d30098909076af33a35017eed6f2953af1c769e273a0626a04722ac4acaba3c
  md5: ad659d0a2b3e47e38d829aa8cad2d610
  license: LicenseRef-Public-Domain
  purls: []
  run_exports: {}
  size: 119135
  timestamp: 1767016325805
- conda_source: tasksolver[8495c763] @ .
  variants:
    target_platform: noarch
  depends:
  - python >=3.10
  - python *
  host_packages:
  - conda: https://conda.anaconda.org/conda-forge/linux-64/_openmp_mutex-4.5-20_gnu.conda
  - conda: https://conda.anaconda.org/conda-forge/linux-64/bzip2-1.0.8-hda65f42_9.conda
  - conda: https://conda.anaconda.org/conda-forge/linux-64/ld_impl_linux-64-2.45.1-default_hbd61a6d_102.conda
  - conda: https://conda.anaconda.org/conda-forge/linux-64/libexpat-2.8.1-hecca717_1.conda
  - conda: https://conda.anaconda.org/conda-forge/linux-64/libffi-3.5.2-h3435931_0.conda
  - conda: https://conda.anaconda.org/conda-forge/linux-64/libgcc-15.2.0-he0feb66_19.conda
  - conda: https://conda.anaconda.org/conda-forge/linux-64/libgomp-15.2.0-he0feb66_19.conda
  - conda: https://conda.anaconda.org/conda-forge/linux-64/liblzma-5.8.3-hb03c661_0.conda
  - conda: https://conda.anaconda.org/conda-forge/linux-64/libmpdec-4.0.0-hb03c661_1.conda
  - conda: https://conda.anaconda.org/conda-forge/linux-64/libsqlite-3.53.2-h0c1763c_0.conda
  - conda: https://conda.anaconda.org/conda-forge/linux-64/libuuid-2.42.2-h5347b49_0.conda
  - conda: https://conda.anaconda.org/conda-forge/linux-64/libzlib-1.3.2-h25fd6f3_2.conda
  - conda: https://conda.anaconda.org/conda-forge/linux-64/ncurses-6.6-hdb14827_0.conda
  - conda: https://conda.anaconda.org/conda-forge/linux-64/openssl-3.6.3-h35e630c_0.conda
  - conda: https://conda.anaconda.org/conda-forge/linux-64/python-3.14.6-habeac84_100_cp314.conda
  - conda: https://conda.anaconda.org/conda-forge/linux-64/readline-8.3-h853b02a_0.conda
  - conda: https://conda.anaconda.org/conda-forge/linux-64/tk-8.6.13-noxft_h366c992_103.conda
  - conda: https://conda.anaconda.org/conda-forge/linux-64/zstd-1.5.7-hb78ec9c_6.conda
  - conda: https://conda.anaconda.org/conda-forge/noarch/ca-certificates-2026.6.17-hbd8a1cb_0.conda
  - conda: https://conda.anaconda.org/conda-forge/noarch/pip-26.1.2-pyh145f28c_0.conda
  - conda: https://conda.anaconda.org/conda-forge/noarch/python_abi-3.14-8_cp314.conda
  - conda: https://conda.anaconda.org/conda-forge/noarch/setuptools-82.0.1-pyh332efcf_0.conda
  - conda: https://conda.anaconda.org/conda-forge/noarch/tzdata-2025c-hc9c84f9_1.conda
- pypi: https://files.pythonhosted.org/packages/04/4b/29cac41a4d98d144bf5f6d33995617b185d14b22401f75ca86f384e87ff1/h11-0.16.0-py3-none-any.whl
  name: h11
  version: 0.16.0
  sha256: 63cf8bbe7522de3bf65932fda1d9c2772064ffb3dae62d55932da54b31cb6c86
  requires_python: '>=3.8'
- pypi: https://files.pythonhosted.org/packages/06/89/081d7f1809d5ca09d1e47e49f2111b245f5694de3a7af32cd3a353a6f43f/pymongo-4.17.0-cp314-cp314-manylinux2014_x86_64.manylinux_2_17_x86_64.manylinux_2_28_x86_64.whl
  name: pymongo
  version: 4.17.0
  sha256: 320b34457b20bbcc79997801f95d25ce00472915ca5241167242b42c4359e027
  requires_dist:
  - dnspython>=2.6.1,<3.0.0
  - pymongo-auth-aws>=1.1.0,<2.0.0 ; extra == 'aws'
  - furo==2025.12.19 ; extra == 'docs'
  - readthedocs-sphinx-search~=0.3 ; extra == 'docs'
  - sphinx-autobuild>=2020.9.1 ; extra == 'docs'
  - sphinx-rtd-theme>=2,<4 ; extra == 'docs'
  - sphinx>=5.3,<9 ; extra == 'docs'
  - sphinxcontrib-shellcheck>=1,<2 ; extra == 'docs'
  - certifi>=2023.7.22 ; (sys_platform == 'darwin' and extra == 'encryption') or (os_name == 'nt' and extra == 'encryption')
  - pymongo-auth-aws>=1.1.0,<2.0.0 ; extra == 'encryption'
  - pymongocrypt>=1.13.0,<2.0.0 ; extra == 'encryption'
  - pykerberos>=1.2.4 ; os_name != 'nt' and extra == 'gssapi'
  - winkerberos>=0.5.0 ; os_name == 'nt' and extra == 'gssapi'
  - certifi>=2023.7.22 ; (sys_platform == 'darwin' and extra == 'ocsp') or (os_name == 'nt' and extra == 'ocsp')
  - cryptography>=42.0.0 ; extra == 'ocsp'
  - pyopenssl>=23.2.0 ; extra == 'ocsp'
  - requests>=2.23.0,<3.0 ; extra == 'ocsp'
  - service-identity>=23.1.0 ; extra == 'ocsp'
  - python-snappy>=0.6.0 ; extra == 'snappy'
  - importlib-metadata>=7.0 ; python_full_version < '3.13' and extra == 'test'
  - pytest-asyncio>=0.24.0 ; extra == 'test'
  - pytest>=8.2 ; extra == 'test'
  - backports-zstd>=1.0.0 ; python_full_version < '3.14' and extra == 'zstd'
  requires_python: '>=3.9'
- pypi: https://files.pythonhosted.org/packages/0c/29/0348de65b8cc732daa3e33e67806420b2ae89bdce2b04af740289c5c6c8c/loguru-0.7.3-py3-none-any.whl
  name: loguru
  version: 0.7.3
  sha256: 31a33c10c8e1e10422bfd431aeb5d351c7cf7fa671e3c4df004162264b28220c
  requires_dist:
  - colorama>=0.3.4 ; sys_platform == 'win32'
  - aiocontextvars>=0.2.0 ; python_full_version < '3.7'
  - win32-setctime>=1.0.0 ; sys_platform == 'win32'
  - pre-commit==4.0.1 ; python_full_version >= '3.9' and extra == 'dev'
  - tox==3.27.1 ; python_full_version < '3.8' and extra == 'dev'
  - tox==4.23.2 ; python_full_version >= '3.8' and extra == 'dev'
  - pytest==6.1.2 ; python_full_version < '3.8' and extra == 'dev'
  - pytest==8.3.2 ; python_full_version >= '3.8' and extra == 'dev'
  - pytest-cov==2.12.1 ; python_full_version < '3.8' and extra == 'dev'
  - pytest-cov==5.0.0 ; python_full_version == '3.8.*' and extra == 'dev'
  - pytest-cov==6.0.0 ; python_full_version >= '3.9' and extra == 'dev'
  - pytest-mypy-plugins==1.9.3 ; python_full_version >= '3.6' and python_full_version < '3.8' and extra == 'dev'
  - pytest-mypy-plugins==3.1.0 ; python_full_version >= '3.8' and extra == 'dev'
  - colorama==0.4.5 ; python_full_version < '3.8' and extra == 'dev'
  - colorama==0.4.6 ; python_full_version >= '3.8' and extra == 'dev'
  - freezegun==1.1.0 ; python_full_version < '3.8' and extra == 'dev'
  - freezegun==1.5.0 ; python_full_version >= '3.8' and extra == 'dev'
  - exceptiongroup==1.1.3 ; python_full_version >= '3.7' and python_full_version < '3.11' and extra == 'dev'
  - mypy==0.910 ; python_full_version < '3.6' and extra == 'dev'
  - mypy==0.971 ; python_full_version == '3.6.*' and extra == 'dev'
  - mypy==1.4.1 ; python_full_version == '3.7.*' and extra == 'dev'
  - mypy==1.13.0 ; python_full_version >= '3.8' and extra == 'dev'
  - sphinx==8.1.3 ; python_full_version >= '3.11' and extra == 'dev'
  - sphinx-rtd-theme==3.0.2 ; python_full_version >= '3.11' and extra == 'dev'
  - myst-parser==4.0.0 ; python_full_version >= '3.11' and extra == 'dev'
  - build==1.2.2 ; python_full_version >= '3.11' and extra == 'dev'
  - twine==6.0.1 ; python_full_version >= '3.11' and extra == 'dev'
  requires_python: '>=3.5,<4.0'
- pypi: https://files.pythonhosted.org/packages/0c/c3/44f3fbbfa403ea2a7c779186dc20772604442dde72947e7d01069cbe98e3/pycparser-3.0-py3-none-any.whl
  name: pycparser
  version: '3.0'
  sha256: b727414169a36b7d524c1c3e31839a521725078d7b2ff038656844266160a992
  requires_python: '>=3.10'
- pypi: https://files.pythonhosted.org/packages/10/bd/c038d7cc38edc1aa5bf91ab8068b63d4308c66c4c8bb3cbba7dfbc049f9c/pyparsing-3.3.2-py3-none-any.whl
  name: pyparsing
  version: 3.3.2
  sha256: 850ba148bd908d7e2411587e247a1e4f0327839c40e2e5e6d05a007ecc69911d
  requires_dist:
  - railroad-diagrams ; extra == 'diagrams'
  - jinja2 ; extra == 'diagrams'
  requires_python: '>=3.9'
- pypi: https://files.pythonhosted.org/packages/11/8d/d2532ad2a603ca2b93ad9f5135732124e57811d0168155852f37fbce2458/pillow-12.2.0-cp314-cp314-manylinux_2_27_x86_64.manylinux_2_28_x86_64.whl
  name: pillow
  version: 12.2.0
  sha256: 4bfd07bc812fbd20395212969e41931001fd59eb55a60658b0e5710872e95286
  requires_dist:
  - furo ; extra == 'docs'
  - olefile ; extra == 'docs'
  - sphinx>=8.2 ; extra == 'docs'
  - sphinx-autobuild ; extra == 'docs'
  - sphinx-copybutton ; extra == 'docs'
  - sphinx-inline-tabs ; extra == 'docs'
  - sphinxext-opengraph ; extra == 'docs'
  - olefile ; extra == 'fpx'
  - olefile ; extra == 'mic'
  - arro3-compute ; extra == 'test-arrow'
  - arro3-core ; extra == 'test-arrow'
  - nanoarrow ; extra == 'test-arrow'
  - pyarrow ; extra == 'test-arrow'
  - check-manifest ; extra == 'tests'
  - coverage>=7.4.2 ; extra == 'tests'
  - defusedxml ; extra == 'tests'
  - markdown2 ; extra == 'tests'
  - olefile ; extra == 'tests'
  - packaging ; extra == 'tests'
  - pyroma>=5 ; extra == 'tests'
  - pytest ; extra == 'tests'
  - pytest-cov ; extra == 'tests'
  - pytest-timeout ; extra == 'tests'
  - pytest-xdist ; extra == 'tests'
  - trove-classifiers>=2024.10.12 ; extra == 'tests'
  - defusedxml ; extra == 'xmp'
  requires_python: '>=3.10'
- pypi: https://files.pythonhosted.org/packages/12/b3/231ffd4ab1fc9d679809f356cebee130ac7daa00d6d6f3206dd4fd137e9e/distro-1.9.0-py3-none-any.whl
  name: distro
  version: 1.9.0
  sha256: 7bffd925d65168f85027d8da9af6bddab658135b840670a223589bc0c8ef02b2
  requires_python: '>=3.6'
- pypi: https://files.pythonhosted.org/packages/18/67/36e9267722cc04a6b9f15c7f3441c2363321a3ea07da7ae0c0707beb2a9c/typing_extensions-4.15.0-py3-none-any.whl
  name: typing-extensions
  version: 4.15.0
  sha256: f0fa19c6845758ab08074a0cfa8b7aecb71c999ca73d62883bc25cc018c4e548
  requires_python: '>=3.9'
- pypi: https://files.pythonhosted.org/packages/1e/5e/d4e9f1a599fb8e573b7b87160658329fbf28d19eac2718f51fc3def3aa5a/idna-3.18-py3-none-any.whl
  name: idna
  version: '3.18'
  sha256: 7f952cbe720b688055e3f87de14f5c3e5fdaa8bc3928985c4077ca689de849a2
  requires_dist:
  - ruff>=0.6.2 ; extra == 'all'
  - mypy>=1.11.2 ; extra == 'all'
  - pytest>=8.3.2 ; extra == 'all'
  requires_python: '>=3.9'
- pypi: https://files.pythonhosted.org/packages/20/2c/0622f20ff02b2ef32558733443805dc82fd4c275be01b2d19d14676f3a1b/cryptography-49.0.0-cp311-abi3-manylinux_2_28_x86_64.whl
  name: cryptography
  version: 49.0.0
  sha256: 2afe9051da7ae7bd5905da5a949280c7d2bb75682e188f650a9d0f2756b834c6
  requires_dist:
  - cffi>=2.0.0 ; platform_python_implementation != 'PyPy'
  - typing-extensions>=4.13.2 ; python_full_version < '3.11'
  - bcrypt>=3.1.5 ; extra == 'ssh'
  requires_python: '!=3.9.0,>=3.9,!=3.9.1'
- pypi: https://files.pythonhosted.org/packages/2a/39/e50c7c3a983047577ee07d2a9e53faf5a69493943ec3f6a384bdc792deb2/httpx-0.28.1-py3-none-any.whl
  name: httpx
  version: 0.28.1
  sha256: d909fcccc110f8c7faf814ca82a9a4d816bc5a6dbfea25d6591d6985b8ba59ad
  requires_dist:
  - anyio
  - certifi
  - httpcore==1.*
  - idna
  - brotli ; platform_python_implementation == 'CPython' and extra == 'brotli'
  - brotlicffi ; platform_python_implementation != 'CPython' and extra == 'brotli'
  - click==8.* ; extra == 'cli'
  - pygments==2.* ; extra == 'cli'
  - rich>=10,<14 ; extra == 'cli'
  - h2>=3,<5 ; extra == 'http2'
  - socksio==1.* ; extra == 'socks'
  - zstandard>=0.18.0 ; extra == 'zstd'
  requires_python: '>=3.8'
- pypi: https://files.pythonhosted.org/packages/2f/90/fd509079dfcab01102c0fdd87f3a9506894bc70afcf9e9785ef6b2b3aff6/httplib2-0.31.2-py3-none-any.whl
  name: httplib2
  version: 0.31.2
  sha256: dbf0c2fa3862acf3c55c078ea9c0bc4481d7dc5117cae71be9514912cf9f8349
  requires_dist:
  - pyparsing>=3.1,<4
  requires_python: '>=3.6'
- pypi: https://files.pythonhosted.org/packages/44/71/c0321dc6d63d99946da45f7c06299b934e4f7f7da5c4f14d101bcb39adf1/google_auth-2.55.0-py3-none-any.whl
  name: google-auth
  version: 2.55.0
  sha256: a17cef9dedf98c4ebae2fb0c48c8f75952c877cbc2efe09f329ef16c2783d88a
  requires_dist:
  - pyasn1-modules>=0.2.1
  - cryptography>=38.0.3
  - cryptography>=38.0.3 ; extra == 'cryptography'
  - aiohttp>=3.8.0,<4.0.0 ; extra == 'aiohttp'
  - requests>=2.20.0,<3.0.0 ; extra == 'aiohttp'
  - pyopenssl ; extra == 'enterprise-cert'
  - pyopenssl>=20.0.0 ; extra == 'pyopenssl'
  - pyjwt>=2.0 ; extra == 'pyjwt'
  - pyu2f>=0.1.5 ; extra == 'reauth'
  - requests>=2.20.0,<3.0.0 ; extra == 'requests'
  - grpcio ; extra == 'testing'
  - flask ; extra == 'testing'
  - freezegun ; extra == 'testing'
  - pyjwt>=2.0 ; extra == 'testing'
  - pytest ; extra == 'testing'
  - pytest-cov ; extra == 'testing'
  - pytest-localserver ; extra == 'testing'
  - pyopenssl>=20.0.0 ; extra == 'testing'
  - pyu2f>=0.1.5 ; extra == 'testing'
  - responses ; extra == 'testing'
  - urllib3 ; extra == 'testing'
  - packaging ; extra == 'testing'
  - aiohttp>=3.8.0,<4.0.0 ; extra == 'testing'
  - requests>=2.20.0,<3.0.0 ; extra == 'testing'
  - aioresponses ; extra == 'testing'
  - pytest-asyncio ; extra == 'testing'
  - pyopenssl<24.3.0 ; extra == 'testing'
  - aiohttp<3.10.0 ; extra == 'testing'
  - urllib3 ; extra == 'urllib3'
  - packaging ; extra == 'urllib3'
  - rsa>=3.1.4,<5 ; extra == 'rsa'
  requires_python: '>=3.10'
- pypi: https://files.pythonhosted.org/packages/47/5c/032c2d5a07fe4d4855fea851209cca2b6f03ebeb6d4e3afdb3358386a684/charset_normalizer-3.4.7-cp314-cp314-manylinux2014_x86_64.manylinux_2_17_x86_64.manylinux_2_28_x86_64.whl
  name: charset-normalizer
  version: 3.4.7
  sha256: bd6c2a1c7573c64738d716488d2cdd3c00e340e4835707d8fdb8dc1a66ef164e
  requires_python: '>=3.7'
- pypi: https://files.pythonhosted.org/packages/47/8d/d529b5d697919ba8c11ad626e835d4039be708a35b0d22de83a269a6682c/pyasn1_modules-0.4.2-py3-none-any.whl
  name: pyasn1-modules
  version: 0.4.2
  sha256: 29253a9207ce32b64c3ac6600edc75368f98473906e8fd1043bd6b5b1de2c14a
  requires_dist:
  - pyasn1>=0.6.1,<0.7.0
  requires_python: '>=3.8'
- pypi: https://files.pythonhosted.org/packages/47/d9/d83e293854571c877a92da46fdec39158f8d7e68da75bf73581225d28e90/cffi-2.0.0-cp314-cp314-manylinux2014_x86_64.manylinux_2_17_x86_64.whl
  name: cffi
  version: 2.0.0
  sha256: afb8db5439b81cf9c9d0c80404b60c3cc9c3add93e114dcae767f1477cb53775
  requires_dist:
  - pycparser ; implementation_name != 'PyPy'
  requires_python: '>=3.9'
- pypi: https://files.pythonhosted.org/packages/5d/a0/7d793dce3fa811fe047d6ae2431c672364b462850c6235ae306c0efd025f/pyasn1-0.6.3-py3-none-any.whl
  name: pyasn1
  version: 0.6.3
  sha256: a80184d120f0864a52a073acc6fc642847d0be408e7c7252f31390c0f4eadcde
  requires_python: '>=3.8'
- pypi: https://files.pythonhosted.org/packages/60/28/edcfbbbf0cb15436f36664a8908a0df47ab9006298d4cd937dc08ea932d6/jiter-0.15.0-cp314-cp314-manylinux_2_17_x86_64.manylinux2014_x86_64.whl
  name: jiter
  version: 0.15.0
  sha256: 90c5db5527c221249a876160663ab891ace358c17f7b9c93ec1478b7f0550e5c
  requires_python: '>=3.9'
- pypi: https://files.pythonhosted.org/packages/67/58/317b0134129b556a93a3b0afe00ee675b5657f0155509e22fcb853bafe2d/grpcio_status-1.71.2-py3-none-any.whl
  name: grpcio-status
  version: 1.71.2
  sha256: 803c98cb6a8b7dc6dbb785b1111aed739f241ab5e9da0bba96888aa74704cfd3
  requires_dist:
  - protobuf>=5.26.1,<6.0.dev0
  - grpcio>=1.71.2
  - googleapis-common-protos>=1.5.5
  requires_python: '>=3.9'
- pypi: https://files.pythonhosted.org/packages/76/7b/61dab5d5969f28d97fb1009cead1df0a5cd987d3315e1b37f18a4449f8bc/grpcio-1.81.1-cp314-cp314-manylinux2014_x86_64.manylinux_2_17_x86_64.whl
  name: grpcio
  version: 1.81.1
  sha256: 410482da976329fe5f4067270401b12cf2bd552ff8020f054ecfaddb5475f9d6
  requires_dist:
  - typing-extensions~=4.12
  - grpcio-tools>=1.81.1 ; extra == 'protobuf'
  requires_python: '>=3.10'
- pypi: https://files.pythonhosted.org/packages/78/b6/6307fbef88d9b5ee7421e68d78a9f162e0da4900bc5f5793f6d3d0e34fb8/annotated_types-0.7.0-py3-none-any.whl
  name: annotated-types
  version: 0.7.0
  sha256: 1f02e8b43a8fbbc3f3e0d4f0f4bfc8131bcb4eebe8849b8e5c773f3a1c582a53
  requires_dist:
  - typing-extensions>=4.0.0 ; python_full_version < '3.9'
  requires_python: '>=3.8'
- pypi: https://files.pythonhosted.org/packages/7c/20/b122d4626976acb81132036d2ad1bb35a1a8775fceb837ec30964622516a/proto_plus-1.28.0-py3-none-any.whl
  name: proto-plus
  version: 1.28.0
  sha256: a630604310899e73c59ec302e5765c058d412b2f090b9c79c8822589f14955b8
  requires_dist:
  - protobuf>=4.25.8,<8.0.0
  - google-api-core>=1.31.5 ; extra == 'testing'
  requires_python: '>=3.10'
- pypi: https://files.pythonhosted.org/packages/7c/a3/67b8a6ff5001a1d8864922f2d6488dc2a14367ceb651bc3f09a947f2f306/google_ai_generativelanguage-0.6.15-py3-none-any.whl
  name: google-ai-generativelanguage
  version: 0.6.15
  sha256: 5a03ef86377aa184ffef3662ca28f19eeee158733e45d7947982eb953c6ebb6c
  requires_dist:
  - google-api-core[grpc]>=1.34.1,!=2.0.*,!=2.1.*,!=2.2.*,!=2.3.*,!=2.4.*,!=2.5.*,!=2.6.*,!=2.7.*,!=2.8.*,!=2.9.*,!=2.10.*,<3.0.0.dev0
  - google-auth>=2.14.1,!=2.24.0,!=2.25.0,<3.0.0.dev0
  - proto-plus>=1.22.3,<2.0.0.dev0
  - protobuf>=3.20.2,!=4.21.0,!=4.21.1,!=4.21.2,!=4.21.3,!=4.21.4,!=4.21.5,<6.0.0.dev0
  - proto-plus>=1.25.0,<2.0.0.dev0 ; python_full_version >= '3.13'
  requires_python: '>=3.7'
- pypi: https://files.pythonhosted.org/packages/7e/f5/f66802a942d491edb555dd61e3a9961140fd64c90bce1eafd741609d334d/httpcore-1.0.9-py3-none-any.whl
  name: httpcore
  version: 1.0.9
  sha256: 2d400746a40668fc9dec9810239072b40b4484b640a8c38fd654a024c7a1bf55
  requires_dist:
  - certifi
  - h11>=0.16
  - anyio>=4.0,<5.0 ; extra == 'asyncio'
  - h2>=3,<5 ; extra == 'http2'
  - socksio==1.* ; extra == 'socks'
  - trio>=0.22.0,<1.0 ; extra == 'trio'
  requires_python: '>=3.8'
- pypi: https://files.pythonhosted.org/packages/7f/3e/5db95bcf282c52709639744ca2a8b149baccf648e39c8cc87553df9eae0c/urllib3-2.7.0-py3-none-any.whl
  name: urllib3
  version: 2.7.0
  sha256: 9fb4c81ebbb1ce9531cce37674bbc6f1360472bc18ca9a553ede278ef7276897
  requires_dist:
  - brotli>=1.2.0 ; platform_python_implementation == 'CPython' and extra == 'brotli'
  - brotlicffi>=1.2.0.0 ; platform_python_implementation != 'CPython' and extra == 'brotli'
  - h2>=4,<5 ; extra == 'h2'
  - pysocks>=1.5.6,!=1.5.7,<2.0 ; extra == 'socks'
  - backports-zstd>=1.0.0 ; python_full_version < '3.14' and extra == 'zstd'
  requires_python: '>=3.10'
- pypi: https://files.pythonhosted.org/packages/89/1d/8eff589b45bb8190a9d12c49cfad0f176a5cbd1534908a6b5125e2886239/pydantic_core-2.46.4-cp314-cp314-manylinux_2_17_x86_64.manylinux2014_x86_64.whl
  name: pydantic-core
  version: 2.46.4
  sha256: 7a5f930472650a82629163023e630d160863fce524c616f4e5186e5de9d9a49b
  requires_dist:
  - typing-extensions>=4.14.1
  requires_python: '>=3.9'
- pypi: https://files.pythonhosted.org/packages/97/0f/ef33b5bb71437966590c6297104c81051feae95d54b11ece08533ef937d3/google_generativeai-0.8.6-py3-none-any.whl
  name: google-generativeai
  version: 0.8.6
  sha256: 37a0eaaa95e5bbf888828e20a4a1b2c196cc9527d194706e58a68ff388aeb0fa
  requires_dist:
  - google-ai-generativelanguage==0.6.15
  - google-api-core
  - google-api-python-client
  - google-auth>=2.15.0
  - protobuf
  - pydantic
  - tqdm
  - typing-extensions
  - absl-py ; extra == 'dev'
  - black ; extra == 'dev'
  - nose2 ; extra == 'dev'
  - pandas ; extra == 'dev'
  - pytype ; extra == 'dev'
  - pyyaml ; extra == 'dev'
  - pillow ; extra == 'dev'
  - ipython ; extra == 'dev'
  requires_python: '>=3.9'
- pypi: https://files.pythonhosted.org/packages/97/be/954c35a62b9e31de66b0a43c225c9b6bb9e0f98d6b1dc110a2308e3644f5/google_auth_httplib2-0.4.0-py3-none-any.whl
  name: google-auth-httplib2
  version: 0.4.0
  sha256: 8e55cfafa3358cba85f6cad4a886138e88e158d71e7e5c9ee5936a5c1507fb91
  requires_dist:
  - google-auth>=1.32.0,<3.0.0
  - httplib2>=0.19.0,<1.0.0
  requires_python: '>=3.10'
- pypi: https://files.pythonhosted.org/packages/a0/5e/2a902317d7fc4aa93236e80c932662dadfc459b323d758329e01775125e1/numpy-2.5.0-cp314-cp314-manylinux_2_27_x86_64.manylinux_2_28_x86_64.whl
  name: numpy
  version: 2.5.0
  sha256: 39a0433bd4086ebd462960cf375e19195bb07b53dc1d87dd5fcf47ad78576f03
  requires_python: '>=3.12'
- pypi: https://files.pythonhosted.org/packages/a0/e5/e9cc221fd75230974d4ef45eb72d2261feca3c110d5554215d516bfe6534/google_api_python_client-2.197.0-py3-none-any.whl
  name: google-api-python-client
  version: 2.197.0
  sha256: 0f8b89aa75768161dd4f5092d6bcb386c13236b32e0d9a938c02f71342094d14
  requires_dist:
  - httplib2>=0.19.0,<1.0.0
  - google-auth>=1.32.0,!=2.24.0,!=2.25.0,<3.0.0
  - google-auth-httplib2>=0.2.0,<1.0.0
  - google-api-core>=1.31.5,!=2.0.*,!=2.1.*,!=2.2.*,!=2.3.0,<3.0.0
  - uritemplate>=3.0.1,<5
  requires_python: '>=3.7'
- pypi: https://files.pythonhosted.org/packages/a0/f4/c67b0b3f1b9245e8d266f0f112c500d50e5b4e83cb6f3b71b6528104182a/requests-2.34.2-py3-none-any.whl
  name: requests
  version: 2.34.2
  sha256: 2a0d60c172f83ac6ab31e4554906c0f3b3588d37b5cb939b1c061f4907e278e0
  requires_dist:
  - charset-normalizer>=2,<4
  - idna>=2.5,<4
  - urllib3>=1.26,<3
  - certifi>=2023.5.7
  - pysocks>=1.5.6,!=1.5.7 ; extra == 'socks'
  - chardet>=3.0.2,<8 ; extra == 'use-chardet-on-py3'
  requires_python: '>=3.10'
- pypi: https://files.pythonhosted.org/packages/a3/d2/ba767f4bbb30776c03d40906a2d3afad716a165ffa1771fc23b8992f7920/openai-2.43.0-py3-none-any.whl
  name: openai
  version: 2.43.0
  sha256: 65a670b54fadf2268c9e1330133373c963eb779ee969e5cbad419ec2c21dce97
  requires_dist:
  - anyio>=3.5.0,<5
  - distro>=1.7.0,<2
  - httpx>=0.23.0,<1
  - jiter>=0.10.0,<1
  - pydantic>=1.9.0,<3
  - sniffio
  - tqdm>4
  - typing-extensions>=4.11,<5
  - typing-extensions>=4.14,<5
  - aiohttp ; extra == 'aiohttp'
  - httpx-aiohttp>=0.1.9 ; extra == 'aiohttp'
  - numpy>=1 ; extra == 'datalib'
  - pandas-stubs>=1.1.0.11 ; extra == 'datalib'
  - pandas>=1.2.3 ; extra == 'datalib'
  - websockets>=13,<16 ; extra == 'realtime'
  - numpy>=2.0.2 ; extra == 'voice-helpers'
  - sounddevice>=0.5.1 ; extra == 'voice-helpers'
  requires_python: '>=3.9'
- pypi: https://files.pythonhosted.org/packages/a7/5f/ed01f9a3cdffbd5a008556fc7b2a08ddb1cc6ace7effa7340604b1d16699/docstring_parser-0.18.0-py3-none-any.whl
  name: docstring-parser
  version: 0.18.0
  sha256: b3fcbed555c47d8479be0796ef7e19c2670d428d72e96da63f3a40122860374b
  requires_dist:
  - pre-commit>=2.16.0 ; python_full_version >= '3.9' and extra == 'dev'
  - pydoctor>=25.4.0 ; extra == 'dev'
  - pytest ; extra == 'dev'
  - pydoctor>=25.4.0 ; extra == 'docs'
  - pytest ; extra == 'test'
  requires_python: '>=3.8'
- pypi: https://files.pythonhosted.org/packages/a9/99/3ae339466c9183ea5b8ae87b34c0b897eda475d2aec2307cae60e5cd4f29/uritemplate-4.2.0-py3-none-any.whl
  name: uritemplate
  version: 4.2.0
  sha256: 962201ba1c4edcab02e60f9a0d3821e82dfc5d2d6662a21abd533879bdb8a686
  requires_python: '>=3.9'
- pypi: https://files.pythonhosted.org/packages/ba/16/9826f089383c593cdfc4a6e5aca94d9e91ae1692c57af82c3b2aa5e810f7/anyio-4.14.0-py3-none-any.whl
  name: anyio
  version: 4.14.0
  sha256: dd9b7a2a9799ed6552fde617b2c5df02b7fdd7d88392fc48101e51bae46164d9
  requires_dist:
  - exceptiongroup>=1.0.2 ; python_full_version < '3.11'
  - idna>=2.8
  - typing-extensions>=4.5 ; python_full_version < '3.13'
  - trio>=0.32.0 ; extra == 'trio'
  requires_python: '>=3.10'
- pypi: https://files.pythonhosted.org/packages/ba/5a/18ad964b0086c6e62e2e7500f7edc89e3faa45033c71c1893d34eed2b2de/dnspython-2.8.0-py3-none-any.whl
  name: dnspython
  version: 2.8.0
  sha256: 01d9bbc4a2d76bf0db7c1f729812ded6d912bd318d3b1cf81d30c0f845dbf3af
  requires_dist:
  - black>=25.1.0 ; extra == 'dev'
  - coverage>=7.0 ; extra == 'dev'
  - flake8>=7 ; extra == 'dev'
  - hypercorn>=0.17.0 ; extra == 'dev'
  - mypy>=1.17 ; extra == 'dev'
  - pylint>=3 ; extra == 'dev'
  - pytest-cov>=6.2.0 ; extra == 'dev'
  - pytest>=8.4 ; extra == 'dev'
  - quart-trio>=0.12.0 ; extra == 'dev'
  - sphinx-rtd-theme>=3.0.0 ; extra == 'dev'
  - sphinx>=8.2.0 ; extra == 'dev'
  - twine>=6.1.0 ; extra == 'dev'
  - wheel>=0.45.0 ; extra == 'dev'
  - cryptography>=45 ; extra == 'dnssec'
  - h2>=4.2.0 ; extra == 'doh'
  - httpcore>=1.0.0 ; extra == 'doh'
  - httpx>=0.28.0 ; extra == 'doh'
  - aioquic>=1.2.0 ; extra == 'doq'
  - idna>=3.10 ; extra == 'idna'
  - trio>=0.30 ; extra == 'trio'
  - wmi>=1.5.1 ; sys_platform == 'win32' and extra == 'wmi'
  requires_python: '>=3.10'
- pypi: https://files.pythonhosted.org/packages/c0/44/21d6bf170bf40b41396480d8d49ad640bca3f2b02139cd52aa1e272830a5/shortuuid-1.0.13-py3-none-any.whl
  name: shortuuid
  version: 1.0.13
  sha256: a482a497300b49b4953e15108a7913244e1bb0d41f9d332f5e9925dba33a3c5a
  requires_python: '>=3.6'
- pypi: https://files.pythonhosted.org/packages/c8/d8/894716a5423933f5c8d2d5f04b16f052a515f78e815dab0c2c6f1fd105dc/google_api_core-2.25.2-py3-none-any.whl
  name: google-api-core
  version: 2.25.2
  sha256: e9a8f62d363dc8424a8497f4c2a47d6bcda6c16514c935629c257ab5d10210e7
  requires_dist:
  - googleapis-common-protos>=1.56.2,<2.0.0
  - protobuf>=3.19.5,!=3.20.0,!=3.20.1,!=4.21.0,!=4.21.1,!=4.21.2,!=4.21.3,!=4.21.4,!=4.21.5,<7.0.0
  - proto-plus>=1.22.3,<2.0.0
  - proto-plus>=1.25.0,<2.0.0 ; python_full_version >= '3.13'
  - google-auth>=2.14.1,<3.0.0
  - requests>=2.18.0,<3.0.0
  - google-auth[aiohttp]>=2.35.0,<3.0.0 ; extra == 'async-rest'
  - grpcio>=1.33.2,<2.0.0 ; extra == 'grpc'
  - grpcio>=1.49.1,<2.0.0 ; python_full_version >= '3.11' and extra == 'grpc'
  - grpcio-status>=1.33.2,<2.0.0 ; extra == 'grpc'
  - grpcio-status>=1.49.1,<2.0.0 ; python_full_version >= '3.11' and extra == 'grpc'
  - grpcio-gcp>=0.2.2,<1.0.0 ; extra == 'grpcgcp'
  - grpcio-gcp>=0.2.2,<1.0.0 ; extra == 'grpcio-gcp'
  requires_python: '>=3.7'
- pypi: https://files.pythonhosted.org/packages/d8/8e/bb97bb0c71802080bfc8952937d174e49cfc50de5c951dd47b2496f0dcdb/tqdm-4.68.3-py3-none-any.whl
  name: tqdm
  version: 4.68.3
  sha256: 39832cc2def2789a6f29df83f172db7416cea70052c0907a57801c5f2fdccb03
  requires_dist:
  - colorama ; sys_platform == 'win32'
  - requests ; extra == 'discord'
  - envwrap ; extra == 'discord'
  - slack-sdk ; extra == 'slack'
  - envwrap ; extra == 'slack'
  - requests ; extra == 'telegram'
  - envwrap ; extra == 'telegram'
  - ipywidgets>=6 ; extra == 'notebook'
  requires_python: '>=3.8'
- pypi: https://files.pythonhosted.org/packages/dc/9b/47798a6c91d8bdb567fe2698fe81e0c6b7cb7ef4d13da4114b41d239f65d/typing_inspection-0.4.2-py3-none-any.whl
  name: typing-inspection
  version: 0.4.2
  sha256: 4ed1cacbdc298c220f1bd249ed5287caa16f34d44ef4e9c3d0cbad5b521545e7
  requires_dist:
  - typing-extensions>=4.12.0
  requires_python: '>=3.9'
- pypi: https://files.pythonhosted.org/packages/e3/dd/cadd6ec43069247d91f6345fa7a0d2858bef6af366dbd7ba8f05d2c77d3b/protobuf-5.29.6-cp38-abi3-manylinux2014_x86_64.whl
  name: protobuf
  version: 5.29.6
  sha256: e3387f44798ac1106af0233c04fb8abf543772ff241169946f698b3a9a3d3ab9
  requires_python: '>=3.8'
- pypi: https://files.pythonhosted.org/packages/e7/c8/e2645aa8ed02fd4c7a2f59d68783b65b1f3cbdfe39a6308e156509d1fee8/googleapis_common_protos-1.75.0-py3-none-any.whl
  name: googleapis-common-protos
  version: 1.75.0
  sha256: 961ed60399c457ceb0ee8f285a84c870aabc9c6a832b9d37bb281b5bebde43ed
  requires_dist:
  - protobuf>=4.25.8,<8.0.0
  - grpcio>=1.44.0,<2.0.0 ; extra == 'grpc'
  requires_python: '>=3.9'
- pypi: https://files.pythonhosted.org/packages/e9/44/75a9c9421471a6c4805dbf2356f7c181a29c1879239abab1ea2cc8f38b40/sniffio-1.3.1-py3-none-any.whl
  name: sniffio
  version: 1.3.1
  sha256: 2f6da418d1f1e0fddd844478f41680e794e6051915791a034ff65e5f100525a2
  requires_python: '>=3.7'
- pypi: https://files.pythonhosted.org/packages/ef/2f/c5464532e965badff2f4c4c1a3a83f5697f0d7c407ed0cda44aaa99bb451/certifi-2026.6.17-py3-none-any.whl
  name: certifi
  version: 2026.6.17
  sha256: 2227dcbaafe0d2f59279d1762ddddc37783ed4354594f194ffc31d20f41fc3db
  requires_python: '>=3.7'
- pypi: https://files.pythonhosted.org/packages/f1/bb/09e82a81885d787f350fb55ca9df865b63140dd28b3b5b3104c4ae261657/anthropic-0.111.0-py3-none-any.whl
  name: anthropic
  version: 0.111.0
  sha256: c14edb36ed80da9099acbd26b5cec810d76606c31f32a0d56a4cf9d4fa9e25ae
  requires_dist:
  - anyio>=3.5.0,<5
  - distro>=1.7.0,<2
  - docstring-parser>=0.15,<1
  - httpx>=0.25.0,<1
  - jiter>=0.4.0,<1
  - pydantic>=1.9.0,<3
  - sniffio
  - typing-extensions>=4.14,<5
  - aiohttp ; extra == 'aiohttp'
  - httpx-aiohttp>=0.1.9 ; extra == 'aiohttp'
  - boto3>=1.28.57 ; extra == 'aws'
  - botocore>=1.31.57 ; extra == 'aws'
  - boto3>=1.28.57 ; extra == 'bedrock'
  - botocore>=1.31.57 ; extra == 'bedrock'
  - mcp>=1.0 ; python_full_version >= '3.10' and extra == 'mcp'
  - google-auth[requests]>=2,<3 ; extra == 'vertex'
  - standardwebhooks>=1.0.1,<2 ; extra == 'webhooks'
  requires_python: '>=3.9'
- pypi: https://files.pythonhosted.org/packages/fd/7b/122376b1fd3c62c1ed9dc80c931ace4844b3c55407b6fb2d199377c9736f/pydantic-2.13.4-py3-none-any.whl
  name: pydantic
  version: 2.13.4
  sha256: 45a282cde31d808236fd7ea9d919b128653c8b38b393d1c4ab335c62924d9aba
  requires_dist:
  - annotated-types>=0.6.0
  - pydantic-core==2.46.4
  - typing-extensions>=4.14.1
  - typing-inspection>=0.4.2
  - email-validator>=2.0.0 ; extra == 'email'
  - tzdata ; python_full_version >= '3.9' and sys_platform == 'win32' and extra == 'timezone'
  requires_python: '>=3.9'
